
Microsoft Visual Studio Solution File, Format Version 12.00
# Visual Studio Version 16
VisualStudioVersion = 16.0.31321.278
MinimumVisualStudioVersion = 10.0.40219.1
Project("{FAE04EC0-301F-11D3-BF4B-00C04F79EFBC}") = "RestCountries", "RestCountries\RestCountries.csproj", "{35C96D9B-7897-4DC4-BB55-F60262B82F82}"
EndProject
Project("{FAE04EC0-301F-11D3-BF4B-00C04F79EFBC}") = "DAL", "DAL\DAL.csproj", "{CC313B79-05EE-40FC-9354-B1C8124AC3EF}"
EndProject
Project("{FAE04EC0-301F-11D3-BF4B-00C04F79EFBC}") = "BL", "BL\BL.csproj", "{90736980-71CB-428E-93DC-EF1AF0907A3B}"
EndProject
Global
	GlobalSection(SolutionConfigurationPlatforms) = preSolution
		Debug|Any CPU = Debug|Any CPU
		Release|Any CPU = Release|Any CPU
	EndGlobalSection
	GlobalSection(ProjectConfigurationPlatforms) = postSolution
		{35C96D9B-7897-4DC4-BB55-F60262B82F82}.Debug|Any CPU.ActiveCfg = Debug|Any CPU
		{35C96D9B-7897-4DC4-BB55-F60262B82F82}.Debug|Any CPU.Build.0 = Debug|Any CPU
		{35C96D9B-7897-4DC4-BB55-F60262B82F82}.Release|Any CPU.ActiveCfg = Release|Any CPU
		{35C96D9B-7897-4DC4-BB55-F60262B82F82}.Release|Any CPU.Build.0 = Release|Any CPU
		{CC313B79-05EE-40FC-9354-B1C8124AC3EF}.Debug|Any CPU.ActiveCfg = Debug|Any CPU
		{CC313B79-05EE-40FC-9354-B1C8124AC3EF}.Debug|Any CPU.Build.0 = Debug|Any CPU
		{CC313B79-05EE-40FC-9354-B1C8124AC3EF}.Release|Any CPU.ActiveCfg = Release|Any CPU
		{CC313B79-05EE-40FC-9354-B1C8124AC3EF}.Release|Any CPU.Build.0 = Release|Any CPU
		{90736980-71CB-428E-93DC-EF1AF0907A3B}.Debug|Any CPU.ActiveCfg = Debug|Any CPU
		{90736980-71CB-428E-93DC-EF1AF0907A3B}.Debug|Any CPU.Build.0 = Debug|Any CPU
		{90736980-71CB-428E-93DC-EF1AF0907A3B}.Release|Any CPU.ActiveCfg = Release|Any CPU
		{90736980-71CB-428E-93DC-EF1AF0907A3B}.Release|Any CPU.Build.0 = Release|Any CPU
	EndGlobalSection
	GlobalSection(SolutionProperties) = preSolution
		HideSolutionNode = FALSE
	EndGlobalSection
	GlobalSection(ExtensibilityGlobals) = postSolution
		SolutionGuid = {225C4B5F-B49D-46CA-83F9-845570E8DA47}
	EndGlobalSection
EndGlobal
